
Microsoft Visual Studio Solution File, Format Version 12.00
# Visual Studio 15
VisualStudioVersion = 15.0.26124.0
MinimumVisualStudioVersion = 15.0.26124.0
Project("{FAE04EC0-301F-11D3-BF4B-00C04F79EFBC}") = "Domain", "Domain\Domain.csproj", "{796CF621-ACB0-475F-AD18-1FEA160B1B4E}"
EndProject
Project("{FAE04EC0-301F-11D3-BF4B-00C04F79EFBC}") = "shared", "Shared\shared.csproj", "{4F39E974-599F-487F-8C71-883B5565D699}"
EndProject
Project("{FAE04EC0-301F-11D3-BF4B-00C04F79EFBC}") = "Tests", "Tests\Tests.csproj", "{A0A46E2A-011A-48F3-BE7A-8C51188D7B6C}"
EndProject
Global
	GlobalSection(SolutionConfigurationPlatforms) = preSolution
		Debug|Any CPU = Debug|Any CPU
		Debug|x64 = Debug|x64
		Debug|x86 = Debug|x86
		Release|Any CPU = Release|Any CPU
		Release|x64 = Release|x64
		Release|x86 = Release|x86
	EndGlobalSection
	GlobalSection(SolutionProperties) = preSolution
		HideSolutionNode = FALSE
	EndGlobalSection
	GlobalSection(ProjectConfigurationPlatforms) = postSolution
		{796CF621-ACB0-475F-AD18-1FEA160B1B4E}.Debug|Any CPU.ActiveCfg = Debug|Any CPU
		{796CF621-ACB0-475F-AD18-1FEA160B1B4E}.Debug|Any CPU.Build.0 = Debug|Any CPU
		{796CF621-ACB0-475F-AD18-1FEA160B1B4E}.Debug|x64.ActiveCfg = Debug|Any CPU
		{796CF621-ACB0-475F-AD18-1FEA160B1B4E}.Debug|x64.Build.0 = Debug|Any CPU
		{796CF621-ACB0-475F-AD18-1FEA160B1B4E}.Debug|x86.ActiveCfg = Debug|Any CPU
		{796CF621-ACB0-475F-AD18-1FEA160B1B4E}.Debug|x86.Build.0 = Debug|Any CPU
		{796CF621-ACB0-475F-AD18-1FEA160B1B4E}.Release|Any CPU.ActiveCfg = Release|Any CPU
		{796CF621-ACB0-475F-AD18-1FEA160B1B4E}.Release|Any CPU.Build.0 = Release|Any CPU
		{796CF621-ACB0-475F-AD18-1FEA160B1B4E}.Release|x64.ActiveCfg = Release|Any CPU
		{796CF621-ACB0-475F-AD18-1FEA160B1B4E}.Release|x64.Build.0 = Release|Any CPU
		{796CF621-ACB0-475F-AD18-1FEA160B1B4E}.Release|x86.ActiveCfg = Release|Any CPU
		{796CF621-ACB0-475F-AD18-1FEA160B1B4E}.Release|x86.Build.0 = Release|Any CPU
		{4F39E974-599F-487F-8C71-883B5565D699}.Debug|Any CPU.ActiveCfg = Debug|Any CPU
		{4F39E974-599F-487F-8C71-883B5565D699}.Debug|Any CPU.Build.0 = Debug|Any CPU
		{4F39E974-599F-487F-8C71-883B5565D699}.Debug|x64.ActiveCfg = Debug|Any CPU
		{4F39E974-599F-487F-8C71-883B5565D699}.Debug|x64.Build.0 = Debug|Any CPU
		{4F39E974-599F-487F-8C71-883B5565D699}.Debug|x86.ActiveCfg = Debug|Any CPU
		{4F39E974-599F-487F-8C71-883B5565D699}.Debug|x86.Build.0 = Debug|Any CPU
		{4F39E974-599F-487F-8C71-883B5565D699}.Release|Any CPU.ActiveCfg = Release|Any CPU
		{4F39E974-599F-487F-8C71-883B5565D699}.Release|Any CPU.Build.0 = Release|Any CPU
		{4F39E974-599F-487F-8C71-883B5565D699}.Release|x64.ActiveCfg = Release|Any CPU
		{4F39E974-599F-487F-8C71-883B5565D699}.Release|x64.Build.0 = Release|Any CPU
		{4F39E974-599F-487F-8C71-883B5565D699}.Release|x86.ActiveCfg = Release|Any CPU
		{4F39E974-599F-487F-8C71-883B5565D699}.Release|x86.Build.0 = Release|Any CPU
		{A0A46E2A-011A-48F3-BE7A-8C51188D7B6C}.Debug|Any CPU.ActiveCfg = Debug|Any CPU
		{A0A46E2A-011A-48F3-BE7A-8C51188D7B6C}.Debug|Any CPU.Build.0 = Debug|Any CPU
		{A0A46E2A-011A-48F3-BE7A-8C51188D7B6C}.Debug|x64.ActiveCfg = Debug|Any CPU
		{A0A46E2A-011A-48F3-BE7A-8C51188D7B6C}.Debug|x64.Build.0 = Debug|Any CPU
		{A0A46E2A-011A-48F3-BE7A-8C51188D7B6C}.Debug|x86.ActiveCfg = Debug|Any CPU
		{A0A46E2A-011A-48F3-BE7A-8C51188D7B6C}.Debug|x86.Build.0 = Debug|Any CPU
		{A0A46E2A-011A-48F3-BE7A-8C51188D7B6C}.Release|Any CPU.ActiveCfg = Release|Any CPU
		{A0A46E2A-011A-48F3-BE7A-8C51188D7B6C}.Release|Any CPU.Build.0 = Release|Any CPU
		{A0A46E2A-011A-48F3-BE7A-8C51188D7B6C}.Release|x64.ActiveCfg = Release|Any CPU
		{A0A46E2A-011A-48F3-BE7A-8C51188D7B6C}.Release|x64.Build.0 = Release|Any CPU
		{A0A46E2A-011A-48F3-BE7A-8C51188D7B6C}.Release|x86.ActiveCfg = Release|Any CPU
		{A0A46E2A-011A-48F3-BE7A-8C51188D7B6C}.Release|x86.Build.0 = Release|Any CPU
	EndGlobalSection
EndGlobal
